
Microsoft Visual Studio Solution File, Format Version 12.00
# Visual Studio 2015
Project("{FAE04EC0-301F-11D3-BF4B-00C04F79EFBC}") = "VolleyAR.CSharp", "VolleyAR.CSharp.csproj", "{35B3CF15-46F9-9942-A7E0-6860E70B1E18}"
EndProject
Project("{FAE04EC0-301F-11D3-BF4B-00C04F79EFBC}") = "VolleyAR.CSharp.Editor", "VolleyAR.CSharp.Editor.csproj", "{38F0306C-2DCE-0CE5-2AB8-DA406D81CE2B}"
EndProject
Global
	GlobalSection(SolutionConfigurationPlatforms) = preSolution
		Debug|Any CPU = Debug|Any CPU
		Release|Any CPU = Release|Any CPU
	EndGlobalSection
	GlobalSection(ProjectConfigurationPlatforms) = postSolution
		{35B3CF15-46F9-9942-A7E0-6860E70B1E18}.Debug|Any CPU.ActiveCfg = Debug|Any CPU
		{35B3CF15-46F9-9942-A7E0-6860E70B1E18}.Debug|Any CPU.Build.0 = Debug|Any CPU
		{35B3CF15-46F9-9942-A7E0-6860E70B1E18}.Release|Any CPU.ActiveCfg = Release|Any CPU
		{35B3CF15-46F9-9942-A7E0-6860E70B1E18}.Release|Any CPU.Build.0 = Release|Any CPU
		{38F0306C-2DCE-0CE5-2AB8-DA406D81CE2B}.Debug|Any CPU.ActiveCfg = Debug|Any CPU
		{38F0306C-2DCE-0CE5-2AB8-DA406D81CE2B}.Debug|Any CPU.Build.0 = Debug|Any CPU
		{38F0306C-2DCE-0CE5-2AB8-DA406D81CE2B}.Release|Any CPU.ActiveCfg = Release|Any CPU
		{38F0306C-2DCE-0CE5-2AB8-DA406D81CE2B}.Release|Any CPU.Build.0 = Release|Any CPU
	EndGlobalSection
	GlobalSection(SolutionProperties) = preSolution
		HideSolutionNode = FALSE
	EndGlobalSection
EndGlobal
